
Microsoft Visual Studio Solution File, Format Version 12.00
# Visual Studio 15
VisualStudioVersion = 15.0.28010.2026
MinimumVisualStudioVersion = 10.0.40219.1
Project("{9A19103F-16F7-4668-BE54-9A1E7A4F7556}") = "Medical_Shop_MVC", "Medical-Shop-MVC\Medical_Shop_MVC.csproj", "{F004A4AB-DC81-49DF-AE92-34FC8C3D488B}"
EndProject
Global
	GlobalSection(SolutionConfigurationPlatforms) = preSolution
		Debug|Any CPU = Debug|Any CPU
		Release|Any CPU = Release|Any CPU
	EndGlobalSection
	GlobalSection(ProjectConfigurationPlatforms) = postSolution
		{F004A4AB-DC81-49DF-AE92-34FC8C3D488B}.Debug|Any CPU.ActiveCfg = Debug|Any CPU
		{F004A4AB-DC81-49DF-AE92-34FC8C3D488B}.Debug|Any CPU.Build.0 = Debug|Any CPU
		{F004A4AB-DC81-49DF-AE92-34FC8C3D488B}.Release|Any CPU.ActiveCfg = Release|Any CPU
		{F004A4AB-DC81-49DF-AE92-34FC8C3D488B}.Release|Any CPU.Build.0 = Release|Any CPU
	EndGlobalSection
	GlobalSection(SolutionProperties) = preSolution
		HideSolutionNode = FALSE
	EndGlobalSection
	GlobalSection(ExtensibilityGlobals) = postSolution
		SolutionGuid = {39CB0006-202B-404D-A234-BF70357FD4A5}
	EndGlobalSection
EndGlobal
